
Microsoft Visual Studio Solution File, Format Version 12.00
# Visual Studio Express 2012 for Web
Project("{FAE04EC0-301F-11D3-BF4B-00C04F79EFBC}") = "BaseOfTalents", "BaseOfTalents\BaseOfTalents.csproj", "{979610BA-2D4E-4C31-AEA3-AC52859F53F9}"
EndProject
Project("{FAE04EC0-301F-11D3-BF4B-00C04F79EFBC}") = "BaseOfTalents.Tests", "BaseOfTalents.Tests\BaseOfTalents.Tests.csproj", "{EC7FAF8B-A5C0-476C-ABBA-4AE17FF15DC5}"
EndProject
Global
	GlobalSection(SolutionConfigurationPlatforms) = preSolution
		Debug|Any CPU = Debug|Any CPU
		Release|Any CPU = Release|Any CPU
	EndGlobalSection
	GlobalSection(ProjectConfigurationPlatforms) = postSolution
		{979610BA-2D4E-4C31-AEA3-AC52859F53F9}.Debug|Any CPU.ActiveCfg = Debug|Any CPU
		{979610BA-2D4E-4C31-AEA3-AC52859F53F9}.Debug|Any CPU.Build.0 = Debug|Any CPU
		{979610BA-2D4E-4C31-AEA3-AC52859F53F9}.Release|Any CPU.ActiveCfg = Release|Any CPU
		{979610BA-2D4E-4C31-AEA3-AC52859F53F9}.Release|Any CPU.Build.0 = Release|Any CPU
		{EC7FAF8B-A5C0-476C-ABBA-4AE17FF15DC5}.Debug|Any CPU.ActiveCfg = Debug|Any CPU
		{EC7FAF8B-A5C0-476C-ABBA-4AE17FF15DC5}.Debug|Any CPU.Build.0 = Debug|Any CPU
		{EC7FAF8B-A5C0-476C-ABBA-4AE17FF15DC5}.Release|Any CPU.ActiveCfg = Release|Any CPU
		{EC7FAF8B-A5C0-476C-ABBA-4AE17FF15DC5}.Release|Any CPU.Build.0 = Release|Any CPU
	EndGlobalSection
	GlobalSection(SolutionProperties) = preSolution
		HideSolutionNode = FALSE
	EndGlobalSection
EndGlobal
